Microsoft Visual Studio Solution File, Format Version 11.00
# Visual Studio 2008

Project("{0B3374A8-858E-F8BB-096A-7D77F87D4270}") = "Movement 2D Top Down", "Assembly-CSharp-vs.csproj", "{B6F153CF-AF52-55AF-C40E-34851D61012C}"
EndProject
Global
	GlobalSection(SolutionConfigurationPlatforms) = preSolution
		Debug|Any CPU = Debug|Any CPU
		Release|Any CPU = Release|Any CPU
	EndGlobalSection
	GlobalSection(ProjectConfigurationPlatforms) = postSolution
		{B6F153CF-AF52-55AF-C40E-34851D61012C}.Debug|Any CPU.ActiveCfg = Debug|Any CPU
		{B6F153CF-AF52-55AF-C40E-34851D61012C}.Debug|Any CPU.Build.0 = Debug|Any CPU
		{B6F153CF-AF52-55AF-C40E-34851D61012C}.Release|Any CPU.ActiveCfg = Release|Any CPU
		{B6F153CF-AF52-55AF-C40E-34851D61012C}.Release|Any CPU.Build.0 = Release|Any CPU
	EndGlobalSection
	GlobalSection(SolutionProperties) = preSolution
		HideSolutionNode = FALSE
	EndGlobalSection
	
EndGlobal
